github.com/remyoudompheng/bigfft v0.0.0-20200410134404-eec4a21b6bb0/go.mod h1:qqbHyh8v60DhA7CoWK5oRCqLrMHRGoxYCSS9EjAz6Eo=
golang.org/x/exp v0.0.0-20181106170214-d68db9428509 h1:k21GX33vzpH/syMF7TgrLxe8ILtvwbyuHtEO3ebR82E=
golang.org/x/exp v0.0.0-20181106170214-d68db9428509/go.mod h1:CJ0aWSM057203Lf6IL+f9T1iT9GByDxfZKAQTCR3kQA=
modernc.org/fileutil v1.1.2/go.mod h1:HdjlliqRHrMAI4nVOvvpYVzVgvRSK7WnoCiG0GUWJNo=
modernc.org/fileutil v1.2.0 h1:c7fsfzHf9WfUFXvv/RY9sStAr+VAKXYGKiAhBQQNoT4=
modernc.org/fileutil v1.2.0/go.mod h1:0rLMFc17WSz6Bm/GtHeme7TOX8pNRhFN2NkfBlOZhrQ=
modernc.org/lex v1.1.1 h1:prSCNTLw1R4rn7M/RzwsuMtAuOytfyR3cnyM07P+Pas=
modernc.org/lex v1.1.1/go.mod h1:6r8o8DLJkAnOsQaGi8fMoi+Vt6LTbDaCrkUK729D8xM=
modernc.org/lexer v1.0.4/go.mod h1:tOajb8S4sdfOYitzCgXDFmbVJ/LE0v1fNJ7annTw36U=
modernc.org/lexer v1.0.5 h1:NiKuv6LaU6+D2zra31y6FewnAU8LfrtSwHckwdnDSCg=
modernc.org/lexer v1.0.5/go.mod h1:8npHn3u/NxCEtlC/tRSY77x5+WB3HvHMzMVElQ76ayI=
modernc.org/mathutil v1.5.0/go.mod h1:mZW8CKdRPY1v87qxC/wUdX5O1qDzXMP5TH3wjfpga6E=
